
Microsoft Visual Studio Solution File, Format Version 12.00
# Visual Studio 15
VisualStudioVersion = 15.0.27004.2006
MinimumVisualStudioVersion = 10.0.40219.1
Project("{FAE04EC0-301F-11D3-BF4B-00C04F79EFBC}") = "HireMe", "HireMe\HireMe.csproj", "{A931356D-77EC-449D-B8AD-05F017B8B195}"
EndProject
Project("{FAE04EC0-301F-11D3-BF4B-00C04F79EFBC}") = "HireMe.Tests", "HireMe.Tests\HireMe.Tests.csproj", "{B7C0C726-5B19-4E62-8ABD-DBBB76E07BE8}"
EndProject
Global
	GlobalSection(SolutionConfigurationPlatforms) = preSolution
		Debug|Any CPU = Debug|Any CPU
		Release|Any CPU = Release|Any CPU
	EndGlobalSection
	GlobalSection(ProjectConfigurationPlatforms) = postSolution
		{A931356D-77EC-449D-B8AD-05F017B8B195}.Debug|Any CPU.ActiveCfg = Debug|Any CPU
		{A931356D-77EC-449D-B8AD-05F017B8B195}.Debug|Any CPU.Build.0 = Debug|Any CPU
		{A931356D-77EC-449D-B8AD-05F017B8B195}.Release|Any CPU.ActiveCfg = Release|Any CPU
		{A931356D-77EC-449D-B8AD-05F017B8B195}.Release|Any CPU.Build.0 = Release|Any CPU
		{B7C0C726-5B19-4E62-8ABD-DBBB76E07BE8}.Debug|Any CPU.ActiveCfg = Debug|Any CPU
		{B7C0C726-5B19-4E62-8ABD-DBBB76E07BE8}.Debug|Any CPU.Build.0 = Debug|Any CPU
		{B7C0C726-5B19-4E62-8ABD-DBBB76E07BE8}.Release|Any CPU.ActiveCfg = Release|Any CPU
		{B7C0C726-5B19-4E62-8ABD-DBBB76E07BE8}.Release|Any CPU.Build.0 = Release|Any CPU
	EndGlobalSection
	GlobalSection(SolutionProperties) = preSolution
		HideSolutionNode = FALSE
	EndGlobalSection
	GlobalSection(ExtensibilityGlobals) = postSolution
		SolutionGuid = {16CC7B12-3861-4F4D-840A-476A770B2C3A}
	EndGlobalSection
EndGlobal
